// !$*UTF8*$!
{
	archiveVersion = 1;
	classes = {
	};
	objectVersion = 50;
	objects = {

/* Begin PBXBuildFile section */
		7BCDE4024CA00B2C535CE658 /* Pods_TindogUITests.framework in Frameworks */ = {isa = PBXBuildFile; fileRef = F2F09F874E3573FFF4317772 /* Pods_TindogUITests.framework */; };
		C20A98C520A3445C00C482E2 /* HomeViewController.swift in Sources */ = {isa = PBXBuildFile; fileRef = C20A98C420A3445C00C482E2 /* HomeViewController.swift */; };
		C246508720AA8A290089E4A9 /* UserModel.swift in Sources */ = {isa = PBXBuildFile; fileRef = C246508620AA8A290089E4A9 /* UserModel.swift */; };
		C267FA9820A09A5400B6B0B9 /* AppDelegate.swift in Sources */ = {isa = PBXBuildFile; fileRef = C267FA9720A09A5400B6B0B9 /* AppDelegate.swift */; };
		C267FA9D20A09A5400B6B0B9 /* Main.storyboard in Resources */ = {isa = PBXBuildFile; fileRef = C267FA9B20A09A5400B6B0B9 /* Main.storyboard */; };
		C267FAA020A09A5400B6B0B9 /* Tindog.xcdatamodeld in Sources */ = {isa = PBXBuildFile; fileRef = C267FA9E20A09A5400B6B0B9 /* Tindog.xcdatamodeld */; };
		C267FAA220A09A5700B6B0B9 /* Assets.xcassets in Resources */ = {isa = PBXBuildFile; fileRef = C267FAA120A09A5700B6B0B9 /* Assets.xcassets */; };
		C267FAA520A09A5700B6B0B9 /* LaunchScreen.storyboard in Resources */ = {isa = PBXBuildFile; fileRef = C267FAA320A09A5700B6B0B9 /* LaunchScreen.storyboard */; };
		C267FAB020A09A5700B6B0B9 /* TindogTests.swift in Sources */ = {isa = PBXBuildFile; fileRef = C267FAAF20A09A5700B6B0B9 /* TindogTests.swift */; };
		C267FABB20A09A5700B6B0B9 /* TindogUITests.swift in Sources */ = {isa = PBXBuildFile; fileRef = C267FABA20A09A5700B6B0B9 /* TindogUITests.swift */; };
		C28669AD20A5370500FE97D3 /* LoginViewController.swift in Sources */ = {isa = PBXBuildFile; fileRef = C28669AC20A5370500FE97D3 /* LoginViewController.swift */; };
		C28669B020A53FEA00FE97D3 /* UIViewExt.swift in Sources */ = {isa = PBXBuildFile; fileRef = C28669AF20A53FEA00FE97D3 /* UIViewExt.swift */; };
		C28669B220A5437200FE97D3 /* GoogleService-Info.plist in Resources */ = {isa = PBXBuildFile; fileRef = C28669B120A5437200FE97D3 /* GoogleService-Info.plist */; };
		C2BDD6A920A78D44008997BE /* DataBaseService.swift in Sources */ = {isa = PBXBuildFile; fileRef = C2BDD6A820A78D44008997BE /* DataBaseService.swift */; };
		C2BDD6B120A91451008997BE /* PerfilViewController.swift in Sources */ = {isa = PBXBuildFile; fileRef = C2BDD6B020A91451008997BE /* PerfilViewController.swift */; };
		D95D0D7A21C99678122B0130 /* Pods_TindogTests.framework in Frameworks */ = {isa = PBXBuildFile; fileRef = 0F95E8659EFA3DB152482D55 /* Pods_TindogTests.framework */; };
		FADB969E3D081A69E72A44C0 /* Pods_Tindog.framework in Frameworks */ = {isa = PBXBuildFile; fileRef = B996043480FA659F04648EAC /* Pods_Tindog.framework */; };
/* End PBXBuildFile section */

/* Begin PBXContainerItemProxy section */
		C267FAAC20A09A5700B6B0B9 /* PBXContainerItemProxy */ = {
			isa = PBXContainerItemProxy;
			containerPortal = C267FA8C20A09A5400B6B0B9 /* Project object */;
			proxyType = 1;
			remoteGlobalIDString = C267FA9320A09A5400B6B0B9;
			remoteInfo = Tindog;
		};
		C267FAB720A09A5700B6B0B9 /* PBXContainerItemProxy */ = {
			isa = PBXContainerItemProxy;
			containerPortal = C267FA8C20A09A5400B6B0B9 /* Project object */;
			proxyType = 1;
			remoteGlobalIDString = C267FA9320A09A5400B6B0B9;
			remoteInfo = Tindog;
		};
/* End PBXContainerItemProxy section */

/* Begin PBXFileReference section */
		0F95E8659EFA3DB152482D55 /* Pods_TindogTests.framework */ = {isa = PBXFileReference; explicitFileType = wrapper.framework; includeInIndex = 0; path = Pods_TindogTests.framework; sourceTree = BUILT_PRODUCTS_DIR; };
		2D141E8DF03F61A254404883 /* Pods-TindogTests.debug.xcconfig */ = {isa = PBXFileReference; includeInIndex = 1; lastKnownFileType = text.xcconfig; name = "Pods-TindogTests.debug.xcconfig"; path = "Pods/Target Support Files/Pods-TindogTests/Pods-TindogTests.debug.xcconfig"; sourceTree = "<group>"; };
		4FEB648701A5D479471092F5 /* Pods-Tindog.debug.xcconfig */ = {isa = PBXFileReference; includeInIndex = 1; lastKnownFileType = text.xcconfig; name = "Pods-Tindog.debug.xcconfig"; path = "Pods/Target Support Files/Pods-Tindog/Pods-Tindog.debug.xcconfig"; sourceTree = "<group>"; };
		B2B2CA7E8617BEE601B56033 /* Pods-TindogTests.release.xcconfig */ = {isa = PBXFileReference; includeInIndex = 1; lastKnownFileType = text.xcconfig; name = "Pods-TindogTests.release.xcconfig"; path = "Pods/Target Support Files/Pods-TindogTests/Pods-TindogTests.release.xcconfig"; sourceTree = "<group>"; };
		B996043480FA659F04648EAC /* Pods_Tindog.framework */ = {isa = PBXFileReference; explicitFileType = wrapper.framework; includeInIndex = 0; path = Pods_Tindog.framework; sourceTree = BUILT_PRODUCTS_DIR; };
		C1AF081505C3E857105CDA40 /* Pods-TindogUITests.debug.xcconfig */ = {isa = PBXFileReference; includeInIndex = 1; lastKnownFileType = text.xcconfig; name = "Pods-TindogUITests.debug.xcconfig"; path = "Pods/Target Support Files/Pods-TindogUITests/Pods-TindogUITests.debug.xcconfig"; sourceTree = "<group>"; };
		C20A98C420A3445C00C482E2 /* HomeViewController.swift */ = {isa = PBXFileReference; lastKnownFileType = sourcecode.swift; path = HomeViewController.swift; sourceTree = "<group>"; };
		C246508620AA8A290089E4A9 /* UserModel.swift */ = {isa = PBXFileReference; lastKnownFileType = sourcecode.swift; path = UserModel.swift; sourceTree = "<group>"; };
		C267FA9420A09A5400B6B0B9 /* Tindog.app */ = {isa = PBXFileReference; explicitFileType = wrapper.application; includeInIndex = 0; path = Tindog.app; sourceTree = BUILT_PRODUCTS_DIR; };
		C267FA9720A09A5400B6B0B9 /* AppDelegate.swift */ = {isa = PBXFileReference; lastKnownFileType = sourcecode.swift; path = AppDelegate.swift; sourceTree = "<group>"; };
		C267FA9C20A09A5400B6B0B9 /* Base */ = {isa = PBXFileReference; lastKnownFileType = file.storyboard; name = Base; path = Base.lproj/Main.storyboard; sourceTree = "<group>"; };
		C267FA9F20A09A5400B6B0B9 /* Tindog.xcdatamodel */ = {isa = PBXFileReference; lastKnownFileType = wrapper.xcdatamodel; path = Tindog.xcdatamodel; sourceTree = "<group>"; };
		C267FAA120A09A5700B6B0B9 /* Assets.xcassets */ = {isa = PBXFileReference; lastKnownFileType = folder.assetcatalog; path = Assets.xcassets; sourceTree = "<group>"; };
		C267FAA420A09A5700B6B0B9 /* Base */ = {isa = PBXFileReference; lastKnownFileType = file.storyboard; name = Base; path = Base.lproj/LaunchScreen.storyboard; sourceTree = "<group>"; };
		C267FAA620A09A5700B6B0B9 /* Info.plist */ = {isa = PBXFileReference; lastKnownFileType = text.plist.xml; path = Info.plist; sourceTree = "<group>"; };
		C267FAAB20A09A5700B6B0B9 /* TindogTests.xctest */ = {isa = PBXFileReference; explicitFileType = wrapper.cfbundle; includeInIndex = 0; path = TindogTests.xctest; sourceTree = BUILT_PRODUCTS_DIR; };
		C267FAAF20A09A5700B6B0B9 /* TindogTests.swift */ = {isa = PBXFileReference; lastKnownFileType = sourcecode.swift; path = TindogTests.swift; sourceTree = "<group>"; };
		C267FAB120A09A5700B6B0B9 /* Info.plist */ = {isa = PBXFileReference; lastKnownFileType = text.plist.xml; path = Info.plist; sourceTree = "<group>"; };
		C267FAB620A09A5700B6B0B9 /* TindogUITests.xctest */ = {isa = PBXFileReference; explicitFileType = wrapper.cfbundle; includeInIndex = 0; path = TindogUITests.xctest; sourceTree = BUILT_PRODUCTS_DIR; };
		C267FABA20A09A5700B6B0B9 /* TindogUITests.swift */ = {isa = PBXFileReference; lastKnownFileType = sourcecode.swift; path = TindogUITests.swift; sourceTree = "<group>"; };
		C267FABC20A09A5700B6B0B9 /* Info.plist */ = {isa = PBXFileReference; lastKnownFileType = text.plist.xml; path = Info.plist; sourceTree = "<group>"; };
		C28669AC20A5370500FE97D3 /* LoginViewController.swift */ = {isa = PBXFileReference; lastKnownFileType = sourcecode.swift; path = LoginViewController.swift; sourceTree = "<group>"; };
		C28669AF20A53FEA00FE97D3 /* UIViewExt.swift */ = {isa = PBXFileReference; lastKnownFileType = sourcecode.swift; path = UIViewExt.swift; sourceTree = "<group>"; };
		C28669B120A5437200FE97D3 /* GoogleService-Info.plist */ = {isa = PBXFileReference; fileEncoding = 4; lastKnownFileType = text.plist.xml; path = "GoogleService-Info.plist"; sourceTree = "<group>"; };
		C2BDD6A820A78D44008997BE /* DataBaseService.swift */ = {isa = PBXFileReference; lastKnownFileType = sourcecode.swift; path = DataBaseService.swift; sourceTree = "<group>"; };
		C2BDD6B020A91451008997BE /* PerfilViewController.swift */ = {isa = PBXFileReference; lastKnownFileType = sourcecode.swift; path = PerfilViewController.swift; sourceTree = "<group>"; };
		C5FEF68ADBACF1B240C55F6B /* Pods-TindogUITests.release.xcconfig */ = {isa = PBXFileReference; includeInIndex = 1; lastKnownFileType = text.xcconfig; name = "Pods-TindogUITests.release.xcconfig"; path = "Pods/Target Support Files/Pods-TindogUITests/Pods-TindogUITests.release.xcconfig"; sourceTree = "<group>"; };
		F2F09F874E3573FFF4317772 /* Pods_TindogUITests.framework */ = {isa = PBXFileReference; explicitFileType = wrapper.framework; includeInIndex = 0; path = Pods_TindogUITests.framework; sourceTree = BUILT_PRODUCTS_DIR; };
		FCE8ECFB813E6C05287BBC8B /* Pods-Tindog.release.xcconfig */ = {isa = PBXFileReference; includeInIndex = 1; lastKnownFileType = text.xcconfig; name = "Pods-Tindog.release.xcconfig"; path = "Pods/Target Support Files/Pods-Tindog/Pods-Tindog.release.xcconfig"; sourceTree = "<group>"; };
/* End PBXFileReference section */

/* Begin PBXFrameworksBuildPhase section */
		C267FA9120A09A5400B6B0B9 /* Frameworks */ = {
			isa = PBXFrameworksBuildPhase;
			buildActionMask = 2147483647;
			files = (
				FADB969E3D081A69E72A44C0 /* Pods_Tindog.framework in Frameworks */,
			);
			runOnlyForDeploymentPostprocessing = 0;
		};
		C267FAA820A09A5700B6B0B9 /* Frameworks */ = {
			isa = PBXFrameworksBuildPhase;
			buildActionMask = 2147483647;
			files = (
				D95D0D7A21C99678122B0130 /* Pods_TindogTests.framework in Frameworks */,
			);
			runOnlyForDeploymentPostprocessing = 0;
		};
		C267FAB320A09A5700B6B0B9 /* Frameworks */ = {
			isa = PBXFrameworksBuildPhase;
			buildActionMask = 2147483647;
			files = (
				7BCDE4024CA00B2C535CE658 /* Pods_TindogUITests.framework in Frameworks */,
			);
			runOnlyForDeploymentPostprocessing = 0;
		};
/* End PBXFrameworksBuildPhase section */

/* Begin PBXGroup section */
		6F138D3BE3989811BE88958C /* Frameworks */ = {
			isa = PBXGroup;
			children = (
				B996043480FA659F04648EAC /* Pods_Tindog.framework */,
				0F95E8659EFA3DB152482D55 /* Pods_TindogTests.framework */,
				F2F09F874E3573FFF4317772 /* Pods_TindogUITests.framework */,
			);
			name = Frameworks;
			sourceTree = "<group>";
		};
		BE8B85440F75186AE4CD83A3 /* Pods */ = {
			isa = PBXGroup;
			children = (
				4FEB648701A5D479471092F5 /* Pods-Tindog.debug.xcconfig */,
				FCE8ECFB813E6C05287BBC8B /* Pods-Tindog.release.xcconfig */,
				2D141E8DF03F61A254404883 /* Pods-TindogTests.debug.xcconfig */,
				B2B2CA7E8617BEE601B56033 /* Pods-TindogTests.release.xcconfig */,
				C1AF081505C3E857105CDA40 /* Pods-TindogUITests.debug.xcconfig */,
				C5FEF68ADBACF1B240C55F6B /* Pods-TindogUITests.release.xcconfig */,
			);
			name = Pods;
			sourceTree = "<group>";
		};
		C20A98C320A3440500C482E2 /* Controllers */ = {
			isa = PBXGroup;
			children = (
				C20A98C420A3445C00C482E2 /* HomeViewController.swift */,
				C28669AC20A5370500FE97D3 /* LoginViewController.swift */,
				C2BDD6B020A91451008997BE /* PerfilViewController.swift */,
			);
			path = Controllers;
			sourceTree = "<group>";
		};
		C246508520AA8A170089E4A9 /* Models */ = {
			isa = PBXGroup;
			children = (
				C246508620AA8A290089E4A9 /* UserModel.swift */,
			);
			path = Models;
			sourceTree = "<group>";
		};
		C267FA8B20A09A5400B6B0B9 = {
			isa = PBXGroup;
			children = (
				C267FA9620A09A5400B6B0B9 /* Tindog */,
				C267FAAE20A09A5700B6B0B9 /* TindogTests */,
				C267FAB920A09A5700B6B0B9 /* TindogUITests */,
				C267FA9520A09A5400B6B0B9 /* Products */,
				BE8B85440F75186AE4CD83A3 /* Pods */,
				6F138D3BE3989811BE88958C /* Frameworks */,
			);
			sourceTree = "<group>";
		};
		C267FA9520A09A5400B6B0B9 /* Products */ = {
			isa = PBXGroup;
			children = (
				C267FA9420A09A5400B6B0B9 /* Tindog.app */,
				C267FAAB20A09A5700B6B0B9 /* TindogTests.xctest */,
				C267FAB620A09A5700B6B0B9 /* TindogUITests.xctest */,
			);
			name = Products;
			sourceTree = "<group>";
		};
		C267FA9620A09A5400B6B0B9 /* Tindog */ = {
			isa = PBXGroup;
			children = (
				C246508520AA8A170089E4A9 /* Models */,
				C2BDD6A720A78CF2008997BE /* Services */,
				C28669AE20A53FA400FE97D3 /* Extensions */,
				C20A98C320A3440500C482E2 /* Controllers */,
				C267FA9720A09A5400B6B0B9 /* AppDelegate.swift */,
				C267FA9B20A09A5400B6B0B9 /* Main.storyboard */,
				C267FAA120A09A5700B6B0B9 /* Assets.xcassets */,
				C267FAA320A09A5700B6B0B9 /* LaunchScreen.storyboard */,
				C267FAA620A09A5700B6B0B9 /* Info.plist */,
				C28669B120A5437200FE97D3 /* GoogleService-Info.plist */,
				C267FA9E20A09A5400B6B0B9 /* Tindog.xcdatamodeld */,
			);
			path = Tindog;
			sourceTree = "<group>";
		};
		C267FAAE20A09A5700B6B0B9 /* TindogTests */ = {
			isa = PBXGroup;
			children = (
				C267FAAF20A09A5700B6B0B9 /* TindogTests.swift */,
				C267FAB120A09A5700B6B0B9 /* Info.plist */,
			);
			path = TindogTests;
			sourceTree = "<group>";
		};
		C267FAB920A09A5700B6B0B9 /* TindogUITests */ = {
			isa = PBXGroup;
			children = (
				C267FABA20A09A5700B6B0B9 /* TindogUITests.swift */,
				C267FABC20A09A5700B6B0B9 /* Info.plist */,
			);
			path = TindogUITests;
			sourceTree = "<group>";
		};
		C28669AE20A53FA400FE97D3 /* Extensions */ = {
			isa = PBXGroup;
			children = (
				C28669AF20A53FEA00FE97D3 /* UIViewExt.swift */,
			);
			path = Extensions;
			sourceTree = "<group>";
		};
		C2BDD6A720A78CF2008997BE /* Services */ = {
			isa = PBXGroup;
			children = (
				C2BDD6A820A78D44008997BE /* DataBaseService.swift */,
			);
			path = Services;
			sourceTree = "<group>";
		};
/* End PBXGroup section */

/* Begin PBXNativeTarget section */
		C267FA9320A09A5400B6B0B9 /* Tindog */ = {
			isa = PBXNativeTarget;
			buildConfigurationList = C267FABF20A09A5700B6B0B9 /* Build configuration list for PBXNativeTarget "Tindog" */;
			buildPhases = (
				CCC883147557DB92EFBBCD54 /* [CP] Check Pods Manifest.lock */,
				C267FA9020A09A5400B6B0B9 /* Sources */,
				C267FA9120A09A5400B6B0B9 /* Frameworks */,
				C267FA9220A09A5400B6B0B9 /* Resources */,
				9DCC7688D5D40077049FE96B /* [CP] Embed Pods Frameworks */,
			);
			buildRules = (
			);
			dependencies = (
			);
			name = Tindog;
			productName = Tindog;
			productReference = C267FA9420A09A5400B6B0B9 /* Tindog.app */;
			productType = "com.apple.product-type.application";
		};
		C267FAAA20A09A5700B6B0B9 /* TindogTests */ = {
			isa = PBXNativeTarget;
			buildConfigurationList = C267FAC220A09A5700B6B0B9 /* Build configuration list for PBXNativeTarget "TindogTests" */;
			buildPhases = (
				E5E06834D7D4D3E2F8FF68B5 /* [CP] Check Pods Manifest.lock */,
				C267FAA720A09A5700B6B0B9 /* Sources */,
				C267FAA820A09A5700B6B0B9 /* Frameworks */,
				C267FAA920A09A5700B6B0B9 /* Resources */,
			);
			buildRules = (
			);
			dependencies = (
				C267FAAD20A09A5700B6B0B9 /* PBXTargetDependency */,
			);
			name = TindogTests;
			productName = TindogTests;
			productReference = C267FAAB20A09A5700B6B0B9 /* TindogTests.xctest */;
			productType = "com.apple.product-type.bundle.unit-test";
		};
		C267FAB520A09A5700B6B0B9 /* TindogUITests */ = {
			isa = PBXNativeTarget;
			buildConfigurationList = C267FAC520A09A5700B6B0B9 /* Build configuration list for PBXNativeTarget "TindogUITests" */;
			buildPhases = (
				B765B4396A606DF1F16C48A3 /* [CP] Check Pods Manifest.lock */,
				C267FAB220A09A5700B6B0B9 /* Sources */,
				C267FAB320A09A5700B6B0B9 /* Frameworks */,
				C267FAB420A09A5700B6B0B9 /* Resources */,
			);
			buildRules = (
			);
			dependencies = (
				C267FAB820A09A5700B6B0B9 /* PBXTargetDependency */,
			);
			name = TindogUITests;
			productName = TindogUITests;
			productReference = C267FAB620A09A5700B6B0B9 /* TindogUITests.xctest */;
			productType = "com.apple.product-type.bundle.ui-testing";
		};
/* End PBXNativeTarget section */

/* Begin PBXProject section */
		C267FA8C20A09A5400B6B0B9 /* Project object */ = {
			isa = PBXProject;
			attributes = {
				LastSwiftUpdateCheck = 0930;
				LastUpgradeCheck = 0930;
				ORGANIZATIONNAME = "Carlos Petit";
				TargetAttributes = {
					C267FA9320A09A5400B6B0B9 = {
						CreatedOnToolsVersion = 9.3;
					};
					C267FAAA20A09A5700B6B0B9 = {
						CreatedOnToolsVersion = 9.3;
						TestTargetID = C267FA9320A09A5400B6B0B9;
					};
					C267FAB520A09A5700B6B0B9 = {
						CreatedOnToolsVersion = 9.3;
						TestTargetID = C267FA9320A09A5400B6B0B9;
					};
				};
			};
			buildConfigurationList = C267FA8F20A09A5400B6B0B9 /* Build configuration list for PBXProject "Tindog" */;
			compatibilityVersion = "Xcode 9.3";
			developmentRegion = en;
			hasScannedForEncodings = 0;
			knownRegions = (
				en,
				Base,
			);
			mainGroup = C267FA8B20A09A5400B6B0B9;
			productRefGroup = C267FA9520A09A5400B6B0B9 /* Products */;
			projectDirPath = "";
			projectRoot = "";
			targets = (
				C267FA9320A09A5400B6B0B9 /* Tindog */,
				C267FAAA20A09A5700B6B0B9 /* TindogTests */,
				C267FAB520A09A5700B6B0B9 /* TindogUITests */,
			);
		};
/* End PBXProject section */

/* Begin PBXResourcesBuildPhase section */
		C267FA9220A09A5400B6B0B9 /* Resources */ = {
			isa = PBXResourcesBuildPhase;
			buildActionMask = 2147483647;
			files = (
				C267FAA520A09A5700B6B0B9 /* LaunchScreen.storyboard in Resources */,
				C28669B220A5437200FE97D3 /* GoogleService-Info.plist in Resources */,
				C267FAA220A09A5700B6B0B9 /* Assets.xcassets in Resources */,
				C267FA9D20A09A5400B6B0B9 /* Main.storyboard in Resources */,
			);
			runOnlyForDeploymentPostprocessing = 0;
		};
		C267FAA920A09A5700B6B0B9 /* Resources */ = {
			isa = PBXResourcesBuildPhase;
			buildActionMask = 2147483647;
			files = (
			);
			runOnlyForDeploymentPostprocessing = 0;
		};
		C267FAB420A09A5700B6B0B9 /* Resources */ = {
			isa = PBXResourcesBuildPhase;
			buildActionMask = 2147483647;
			files = (
			);
			runOnlyForDeploymentPostprocessing = 0;
		};
/* End PBXResourcesBuildPhase section */

/* Begin PBXShellScriptBuildPhase section */
		9DCC7688D5D40077049FE96B /* [CP] Embed Pods Frameworks */ = {
			isa = PBXShellScriptBuildPhase;
			buildActionMask = 2147483647;
			files = (
			);
			inputPaths = (
				"${SRCROOT}/Pods/Target Support Files/Pods-Tindog/Pods-Tindog-frameworks.sh",
				"${BUILT_PRODUCTS_DIR}/GTMSessionFetcher/GTMSessionFetcher.framework",
				"${BUILT_PRODUCTS_DIR}/GoogleToolboxForMac/GoogleToolboxForMac.framework",
				"${BUILT_PRODUCTS_DIR}/RevealingSplashView/RevealingSplashView.framework",
				"${BUILT_PRODUCTS_DIR}/SDWebImage/SDWebImage.framework",
				"${BUILT_PRODUCTS_DIR}/leveldb-library/leveldb.framework",
				"${BUILT_PRODUCTS_DIR}/nanopb/nanopb.framework",
			);
			name = "[CP] Embed Pods Frameworks";
			outputPaths = (
				"${TARGET_BUILD_DIR}/${FRAMEWORKS_FOLDER_PATH}/GTMSessionFetcher.framework",
				"${TARGET_BUILD_DIR}/${FRAMEWORKS_FOLDER_PATH}/GoogleToolboxForMac.framework",
				"${TARGET_BUILD_DIR}/${FRAMEWORKS_FOLDER_PATH}/RevealingSplashView.framework",
				"${TARGET_BUILD_DIR}/${FRAMEWORKS_FOLDER_PATH}/SDWebImage.framework",
				"${TARGET_BUILD_DIR}/${FRAMEWORKS_FOLDER_PATH}/leveldb.framework",
				"${TARGET_BUILD_DIR}/${FRAMEWORKS_FOLDER_PATH}/nanopb.framework",
			);
			runOnlyForDeploymentPostprocessing = 0;
			shellPath = /bin/sh;
			shellScript = "\"${SRCROOT}/Pods/Target Support Files/Pods-Tindog/Pods-Tindog-frameworks.sh\"\n";
			showEnvVarsInLog = 0;
		};
		B765B4396A606DF1F16C48A3 /* [CP] Check Pods Manifest.lock */ = {
			isa = PBXShellScriptBuildPhase;
			buildActionMask = 2147483647;
			files = (
			);
			inputPaths = (
				"${PODS_PODFILE_DIR_PATH}/Podfile.lock",
				"${PODS_ROOT}/Manifest.lock",
			);
			name = "[CP] Check Pods Manifest.lock";
			outputPaths = (
				"$(DERIVED_FILE_DIR)/Pods-TindogUITests-checkManifestLockResult.txt",
			);
			runOnlyForDeploymentPostprocessing = 0;
			shellPath = /bin/sh;
			shellScript = "diff \"${PODS_PODFILE_DIR_PATH}/Podfile.lock\" \"${PODS_ROOT}/Manifest.lock\" > /dev/null\nif [ $? != 0 ] ; then\n    # print error to STDERR\n    echo \"error: The sandbox is not in sync with the Podfile.lock. Run 'pod install' or update your CocoaPods installation.\" >&2\n    exit 1\nfi\n# This output is used by Xcode 'outputs' to avoid re-running this script phase.\necho \"SUCCESS\" > \"${SCRIPT_OUTPUT_FILE_0}\"\n";
			showEnvVarsInLog = 0;
		};
		CCC883147557DB92EFBBCD54 /* [CP] Check Pods Manifest.lock */ = {
			isa = PBXShellScriptBuildPhase;
			buildActionMask = 2147483647;
			files = (
			);
			inputPaths = (
				"${PODS_PODFILE_DIR_PATH}/Podfile.lock",
				"${PODS_ROOT}/Manifest.lock",
			);
			name = "[CP] Check Pods Manifest.lock";
			outputPaths = (
				"$(DERIVED_FILE_DIR)/Pods-Tindog-checkManifestLockResult.txt",
			);
			runOnlyForDeploymentPostprocessing = 0;
			shellPath = /bin/sh;
			shellScript = "diff \"${PODS_PODFILE_DIR_PATH}/Podfile.lock\" \"${PODS_ROOT}/Manifest.lock\" > /dev/null\nif [ $? != 0 ] ; then\n    # print error to STDERR\n    echo \"error: The sandbox is not in sync with the Podfile.lock. Run 'pod install' or update your CocoaPods installation.\" >&2\n    exit 1\nfi\n# This output is used by Xcode 'outputs' to avoid re-running this script phase.\necho \"SUCCESS\" > \"${SCRIPT_OUTPUT_FILE_0}\"\n";
			showEnvVarsInLog = 0;
		};
		E5E06834D7D4D3E2F8FF68B5 /* [CP] Check Pods Manifest.lock */ = {
			isa = PBXShellScriptBuildPhase;
			buildActionMask = 2147483647;
			files = (
			);
			inputPaths = (
				"${PODS_PODFILE_DIR_PATH}/Podfile.lock",
				"${PODS_ROOT}/Manifest.lock",
			);
			name = "[CP] Check Pods Manifest.lock";
			outputPaths = (
				"$(DERIVED_FILE_DIR)/Pods-TindogTests-checkManifestLockResult.txt",
			);
			runOnlyForDeploymentPostprocessing = 0;
			shellPath = /bin/sh;
			shellScript = "diff \"${PODS_PODFILE_DIR_PATH}/Podfile.lock\" \"${PODS_ROOT}/Manifest.lock\" > /dev/null\nif [ $? != 0 ] ; then\n    # print error to STDERR\n    echo \"error: The sandbox is not in sync with the Podfile.lock. Run 'pod install' or update your CocoaPods installation.\" >&2\n    exit 1\nfi\n# This output is used by Xcode 'outputs' to avoid re-running this script phase.\necho \"SUCCESS\" > \"${SCRIPT_OUTPUT_FILE_0}\"\n";
			showEnvVarsInLog = 0;
		};
/* End PBXShellScriptBuildPhase section */

/* Begin PBXSourcesBuildPhase section */
		C267FA9020A09A5400B6B0B9 /* Sources */ = {
			isa = PBXSourcesBuildPhase;
			buildActionMask = 2147483647;
			files = (
				C28669AD20A5370500FE97D3 /* LoginViewController.swift in Sources */,
				C267FAA020A09A5400B6B0B9 /* Tindog.xcdatamodeld in Sources */,
				C246508720AA8A290089E4A9 /* UserModel.swift in Sources */,
				C2BDD6A920A78D44008997BE /* DataBaseService.swift in Sources */,
				C28669B020A53FEA00FE97D3 /* UIViewExt.swift in Sources */,
				C267FA9820A09A5400B6B0B9 /* AppDelegate.swift in Sources */,
				C2BDD6B120A91451008997BE /* PerfilViewController.swift in Sources */,
				C20A98C520A3445C00C482E2 /* HomeViewController.swift in Sources */,
			);
			runOnlyForDeploymentPostprocessing = 0;
		};
		C267FAA720A09A5700B6B0B9 /* Sources */ = {
			isa = PBXSourcesBuildPhase;
			buildActionMask = 2147483647;
			files = (
				C267FAB020A09A5700B6B0B9 /* TindogTests.swift in Sources */,
			);
			runOnlyForDeploymentPostprocessing = 0;
		};
		C267FAB220A09A5700B6B0B9 /* Sources */ = {
			isa = PBXSourcesBuildPhase;
			buildActionMask = 2147483647;
			files = (
				C267FABB20A09A5700B6B0B9 /* TindogUITests.swift in Sources */,
			);
			runOnlyForDeploymentPostprocessing = 0;
		};
/* End PBXSourcesBuildPhase section */

/* Begin PBXTargetDependency section */
		C267FAAD20A09A5700B6B0B9 /* PBXTargetDependency */ = {
			isa = PBXTargetDependency;
			target = C267FA9320A09A5400B6B0B9 /* Tindog */;
			targetProxy = C267FAAC20A09A5700B6B0B9 /* PBXContainerItemProxy */;
		};
		C267FAB820A09A5700B6B0B9 /* PBXTargetDependency */ = {
			isa = PBXTargetDependency;
			target = C267FA9320A09A5400B6B0B9 /* Tindog */;
			targetProxy = C267FAB720A09A5700B6B0B9 /* PBXContainerItemProxy */;
		};
/* End PBXTargetDependency section */

/* Begin PBXVariantGroup section */
		C267FA9B20A09A5400B6B0B9 /* Main.storyboard */ = {
			isa = PBXVariantGroup;
			children = (
				C267FA9C20A09A5400B6B0B9 /* Base */,
			);
			name = Main.storyboard;
			sourceTree = "<group>";
		};
		C267FAA320A09A5700B6B0B9 /* LaunchScreen.storyboard */ = {
			isa = PBXVariantGroup;
			children = (
				C267FAA420A09A5700B6B0B9 /* Base */,
			);
			name = LaunchScreen.storyboard;
			sourceTree = "<group>";
		};
/* End PBXVariantGroup section */

/* Begin XCBuildConfiguration section */
		C267FABD20A09A5700B6B0B9 /* Debug */ = {
			isa = XCBuildConfiguration;
			buildSettings = {
				ALWAYS_SEARCH_USER_PATHS = NO;
				CLANG_ANALYZER_NONNULL = YES;
				CLANG_ANALYZER_NUMBER_OBJECT_CONVERSION = YES_AGGRESSIVE;
				CLANG_CXX_LANGUAGE_STANDARD = "gnu++14";
				CLANG_CXX_LIBRARY = "libc++";
				CLANG_ENABLE_MODULES = YES;
				CLANG_ENABLE_OBJC_ARC = YES;
				CLANG_ENABLE_OBJC_WEAK = YES;
				CLANG_WARN_BLOCK_CAPTURE_AUTORELEASING = YES;
				CLANG_WARN_BOOL_CONVERSION = YES;
				CLANG_WARN_COMMA = YES;
				CLANG_WARN_CONSTANT_CONVERSION = YES;
				CLANG_WARN_DEPRECATED_OBJC_IMPLEMENTATIONS = YES;
				CLANG_WARN_DIRECT_OBJC_ISA_USAGE = YES_ERROR;
				CLANG_WARN_DOCUMENTATION_COMMENTS = YES;
				CLANG_WARN_EMPTY_BODY = YES;
				CLANG_WARN_ENUM_CONVERSION = YES;
				CLANG_WARN_INFINITE_RECURSION = YES;
				CLANG_WARN_INT_CONVERSION = YES;
				CLANG_WARN_NON_LITERAL_NULL_CONVERSION = YES;
				CLANG_WARN_OBJC_IMPLICIT_RETAIN_SELF = YES;
				CLANG_WARN_OBJC_LITERAL_CONVERSION = YES;
				CLANG_WARN_OBJC_ROOT_CLASS = YES_ERROR;
				CLANG_WARN_RANGE_LOOP_ANALYSIS = YES;
				CLANG_WARN_STRICT_PROTOTYPES = YES;
				CLANG_WARN_SUSPICIOUS_MOVE = YES;
				CLANG_WARN_UNGUARDED_AVAILABILITY = YES_AGGRESSIVE;
				CLANG_WARN_UNREACHABLE_CODE = YES;
				CLANG_WARN__DUPLICATE_METHOD_MATCH = YES;
				CODE_SIGN_IDENTITY = "iPhone Developer";
				COPY_PHASE_STRIP = NO;
				DEBUG_INFORMATION_FORMAT = dwarf;
				ENABLE_STRICT_OBJC_MSGSEND = YES;
				ENABLE_TESTABILITY = YES;
				GCC_C_LANGUAGE_STANDARD = gnu11;
				GCC_DYNAMIC_NO_PIC = NO;
				GCC_NO_COMMON_BLOCKS = YES;
				GCC_OPTIMIZATION_LEVEL = 0;
				GCC_PREPROCESSOR_DEFINITIONS = (
					"DEBUG=1",
					"$(inherited)",
				);
				GCC_WARN_64_TO_32_BIT_CONVERSION = YES;
				GCC_WARN_ABOUT_RETURN_TYPE = YES_ERROR;
				GCC_WARN_UNDECLARED_SELECTOR = YES;
				GCC_WARN_UNINITIALIZED_AUTOS = YES_AGGRESSIVE;
				GCC_WARN_UNUSED_FUNCTION = YES;
				GCC_WARN_UNUSED_VARIABLE = YES;
				IPHONEOS_DEPLOYMENT_TARGET = 11.3;
				MTL_ENABLE_DEBUG_INFO = YES;
				ONLY_ACTIVE_ARCH = YES;
				SDKROOT = iphoneos;
				SWIFT_ACTIVE_COMPILATION_CONDITIONS = DEBUG;
				SWIFT_OPTIMIZATION_LEVEL = "-Onone";
			};
			name = Debug;
		};
		C267FABE20A09A5700B6B0B9 /* Release */ = {
			isa = XCBuildConfiguration;
			buildSettings = {
				ALWAYS_SEARCH_USER_PATHS = NO;
				CLANG_ANALYZER_NONNULL = YES;
				CLANG_ANALYZER_NUMBER_OBJECT_CONVERSION = YES_AGGRESSIVE;
				CLANG_CXX_LANGUAGE_STANDARD = "gnu++14";
				CLANG_CXX_LIBRARY = "libc++";
				CLANG_ENABLE_MODULES = YES;
				CLANG_ENABLE_OBJC_ARC = YES;
				CLANG_ENABLE_OBJC_WEAK = YES;
				CLANG_WARN_BLOCK_CAPTURE_AUTORELEASING = YES;
				CLANG_WARN_BOOL_CONVERSION = YES;
				CLANG_WARN_COMMA = YES;
				CLANG_WARN_CONSTANT_CONVERSION = YES;
				CLANG_WARN_DEPRECATED_OBJC_IMPLEMENTATIONS = YES;
				CLANG_WARN_DIRECT_OBJC_ISA_USAGE = YES_ERROR;
				CLANG_WARN_DOCUMENTATION_COMMENTS = YES;
				CLANG_WARN_EMPTY_BODY = YES;
				CLANG_WARN_ENUM_CONVERSION = YES;
				CLANG_WARN_INFINITE_RECURSION = YES;
				CLANG_WARN_INT_CONVERSION = YES;
				CLANG_WARN_NON_LITERAL_NULL_CONVERSION = YES;
				CLANG_WARN_OBJC_IMPLICIT_RETAIN_SELF = YES;
				CLANG_WARN_OBJC_LITERAL_CONVERSION = YES;
				CLANG_WARN_OBJC_ROOT_CLASS = YES_ERROR;
				CLANG_WARN_RANGE_LOOP_ANALYSIS = YES;
				CLANG_WARN_STRICT_PROTOTYPES = YES;
				CLANG_WARN_SUSPICIOUS_MOVE = YES;
				CLANG_WARN_UNGUARDED_AVAILABILITY = YES_AGGRESSIVE;
				CLANG_WARN_UNREACHABLE_CODE = YES;
				CLANG_WARN__DUPLICATE_METHOD_MATCH = YES;
				CODE_SIGN_IDENTITY = "iPhone Developer";
				COPY_PHASE_STRIP = NO;
				DEBUG_INFORMATION_FORMAT = "dwarf-with-dsym";
				ENABLE_NS_ASSERTIONS = NO;
				ENABLE_STRICT_OBJC_MSGSEND = YES;
				GCC_C_LANGUAGE_STANDARD = gnu11;
				GCC_NO_COMMON_BLOCKS = YES;
				GCC_WARN_64_TO_32_BIT_CONVERSION = YES;
				GCC_WARN_ABOUT_RETURN_TYPE = YES_ERROR;
				GCC_WARN_UNDECLARED_SELECTOR = YES;
				GCC_WARN_UNINITIALIZED_AUTOS = YES_AGGRESSIVE;
				GCC_WARN_UNUSED_FUNCTION = YES;
				GCC_WARN_UNUSED_VARIABLE = YES;
				IPHONEOS_DEPLOYMENT_TARGET = 11.3;
				MTL_ENABLE_DEBUG_INFO = NO;
				SDKROOT = iphoneos;
				SWIFT_COMPILATION_MODE = wholemodule;
				SWIFT_OPTIMIZATION_LEVEL = "-O";
				VALIDATE_PRODUCT = YES;
			};
			name = Release;
		};
		C267FAC020A09A5700B6B0B9 /* Debug */ = {
			isa = XCBuildConfiguration;
			baseConfigurationReference = 4FEB648701A5D479471092F5 /* Pods-Tindog.debug.xcconfig */;
			buildSettings = {
				ASSETCATALOG_COMPILER_APPICON_NAME = AppIcon;
				CODE_SIGN_STYLE = Automatic;
				DEVELOPMENT_TEAM = 5V483VY873;
				INFOPLIST_FILE = Tindog/Info.plist;
				LD_RUNPATH_SEARCH_PATHS = (
					"$(inherited)",
					"@executable_path/Frameworks",
				);
				PRODUCT_BUNDLE_IDENTIFIER = com.personal.Tindog;
				PRODUCT_NAME = "$(TARGET_NAME)";
				SWIFT_VERSION = 4.0;
				TARGETED_DEVICE_FAMILY = 1;
			};
			name = Debug;
		};
		C267FAC120A09A5700B6B0B9 /* Release */ = {
			isa = XCBuildConfiguration;
			baseConfigurationReference = FCE8ECFB813E6C05287BBC8B /* Pods-Tindog.release.xcconfig */;
			buildSettings = {
				ASSETCATALOG_COMPILER_APPICON_NAME = AppIcon;
				CODE_SIGN_STYLE = Automatic;
				DEVELOPMENT_TEAM = 5V483VY873;
				INFOPLIST_FILE = Tindog/Info.plist;
				LD_RUNPATH_SEARCH_PATHS = (
					"$(inherited)",
					"@executable_path/Frameworks",
				);
				PRODUCT_BUNDLE_IDENTIFIER = com.personal.Tindog;
				PRODUCT_NAME = "$(TARGET_NAME)";
				SWIFT_VERSION = 4.0;
				TARGETED_DEVICE_FAMILY = 1;
			};
			name = Release;
		};
		C267FAC320A09A5700B6B0B9 /* Debug */ = {
			isa = XCBuildConfiguration;
			baseConfigurationReference = 2D141E8DF03F61A254404883 /* Pods-TindogTests.debug.xcconfig */;
			buildSettings = {
				ALWAYS_EMBED_SWIFT_STANDARD_LIBRARIES = YES;
				BUNDLE_LOADER = "$(TEST_HOST)";
				CODE_SIGN_STYLE = Automatic;
				DEVELOPMENT_TEAM = 5V483VY873;
				INFOPLIST_FILE = TindogTests/Info.plist;
				LD_RUNPATH_SEARCH_PATHS = (
					"$(inherited)",
					"@executable_path/Frameworks",
					"@loader_path/Frameworks",
				);
				PRODUCT_BUNDLE_IDENTIFIER = com.personal.TindogTests;
				PRODUCT_NAME = "$(TARGET_NAME)";
				SWIFT_VERSION = 4.0;
				TARGETED_DEVICE_FAMILY = "1,2";
				TEST_HOST = "$(BUILT_PRODUCTS_DIR)/Tindog.app/Tindog";
			};
			name = Debug;
		};
		C267FAC420A09A5700B6B0B9 /* Release */ = {
			isa = XCBuildConfiguration;
			baseConfigurationReference = B2B2CA7E8617BEE601B56033 /* Pods-TindogTests.release.xcconfig */;
			buildSettings = {
				ALWAYS_EMBED_SWIFT_STANDARD_LIBRARIES = YES;
				BUNDLE_LOADER = "$(TEST_HOST)";
				CODE_SIGN_STYLE = Automatic;
				DEVELOPMENT_TEAM = 5V483VY873;
				INFOPLIST_FILE = TindogTests/Info.plist;
				LD_RUNPATH_SEARCH_PATHS = (
					"$(inherited)",
					"@executable_path/Frameworks",
					"@loader_path/Frameworks",
				);
				PRODUCT_BUNDLE_IDENTIFIER = com.personal.TindogTests;
				PRODUCT_NAME = "$(TARGET_NAME)";
				SWIFT_VERSION = 4.0;
				TARGETED_DEVICE_FAMILY = "1,2";
				TEST_HOST = "$(BUILT_PRODUCTS_DIR)/Tindog.app/Tindog";
			};
			name = Release;
		};
		C267FAC620A09A5700B6B0B9 /* Debug */ = {
			isa = XCBuildConfiguration;
			baseConfigurationReference = C1AF081505C3E857105CDA40 /* Pods-TindogUITests.debug.xcconfig */;
			buildSettings = {
				ALWAYS_EMBED_SWIFT_STANDARD_LIBRARIES = YES;
				CODE_SIGN_STYLE = Automatic;
				DEVELOPMENT_TEAM = 5V483VY873;
				INFOPLIST_FILE = TindogUITests/Info.plist;
				LD_RUNPATH_SEARCH_PATHS = (
					"$(inherited)",
					"@executable_path/Frameworks",
					"@loader_path/Frameworks",
				);
				PRODUCT_BUNDLE_IDENTIFIER = com.personal.TindogUITests;
				PRODUCT_NAME = "$(TARGET_NAME)";
				SWIFT_VERSION = 4.0;
				TARGETED_DEVICE_FAMILY = "1,2";
				TEST_TARGET_NAME = Tindog;
			};
			name = Debug;
		};
		C267FAC720A09A5700B6B0B9 /* Release */ = {
			isa = XCBuildConfiguration;
			baseConfigurationReference = C5FEF68ADBACF1B240C55F6B /* Pods-TindogUITests.release.xcconfig */;
			buildSettings = {
				ALWAYS_EMBED_SWIFT_STANDARD_LIBRARIES = YES;
				CODE_SIGN_STYLE = Automatic;
				DEVELOPMENT_TEAM = 5V483VY873;
				INFOPLIST_FILE = TindogUITests/Info.plist;
				LD_RUNPATH_SEARCH_PATHS = (
					"$(inherited)",
					"@executable_path/Frameworks",
					"@loader_path/Frameworks",
				);
				PRODUCT_BUNDLE_IDENTIFIER = com.personal.TindogUITests;
				PRODUCT_NAME = "$(TARGET_NAME)";
				SWIFT_VERSION = 4.0;
				TARGETED_DEVICE_FAMILY = "1,2";
				TEST_TARGET_NAME = Tindog;
			};
			name = Release;
		};
/* End XCBuildConfiguration section */

/* Begin XCConfigurationList section */
		C267FA8F20A09A5400B6B0B9 /* Build configuration list for PBXProject "Tindog" */ = {
			isa = XCConfigurationList;
			buildConfigurations = (
				C267FABD20A09A5700B6B0B9 /* Debug */,
				C267FABE20A09A5700B6B0B9 /* Release */,
			);
			defaultConfigurationIsVisible = 0;
			defaultConfigurationName = Release;
		};
		C267FABF20A09A5700B6B0B9 /* Build configuration list for PBXNativeTarget "Tindog" */ = {
			isa = XCConfigurationList;
			buildConfigurations = (
				C267FAC020A09A5700B6B0B9 /* Debug */,
				C267FAC120A09A5700B6B0B9 /* Release */,
			);
			defaultConfigurationIsVisible = 0;
			defaultConfigurationName = Release;
		};
		C267FAC220A09A5700B6B0B9 /* Build configuration list for PBXNativeTarget "TindogTests" */ = {
			isa = XCConfigurationList;
			buildConfigurations = (
				C267FAC320A09A5700B6B0B9 /* Debug */,
				C267FAC420A09A5700B6B0B9 /* Release */,
			);
			defaultConfigurationIsVisible = 0;
			defaultConfigurationName = Release;
		};
		C267FAC520A09A5700B6B0B9 /* Build configuration list for PBXNativeTarget "TindogUITests" */ = {
			isa = XCConfigurationList;
			buildConfigurations = (
				C267FAC620A09A5700B6B0B9 /* Debug */,
				C267FAC720A09A5700B6B0B9 /* Release */,
			);
			defaultConfigurationIsVisible = 0;
			defaultConfigurationName = Release;
		};
/* End XCConfigurationList section */

/* Begin XCVersionGroup section */
		C267FA9E20A09A5400B6B0B9 /* Tindog.xcdatamodeld */ = {
			isa = XCVersionGroup;
			children = (
				C267FA9F20A09A5400B6B0B9 /* Tindog.xcdatamodel */,
			);
			currentVersion = C267FA9F20A09A5400B6B0B9 /* Tindog.xcdatamodel */;
			path = Tindog.xcdatamodeld;
			sourceTree = "<group>";
			versionGroupType = wrapper.xcdatamodel;
		};
/* End XCVersionGroup section */
	};
	rootObject = C267FA8C20A09A5400B6B0B9 /* Project object */;
}
